
Microsoft Visual Studio Solution File, Format Version 12.00
# Visual Studio Version 17
VisualStudioVersion = 17.5.33530.505
MinimumVisualStudioVersion = 10.0.40219.1
Project("{9A19103F-16F7-4668-BE54-9A1E7A4F7556}") = "AmazingChess", "src\AmazingChess\AmazingChess.csproj", "{C12F18BD-156A-4EF0-9CF6-5B13200A2C27}"
EndProject
Global
	GlobalSection(SolutionConfigurationPlatforms) = preSolution
		Debug|Any CPU = Debug|Any CPU
		Release|Any CPU = Release|Any CPU
	EndGlobalSection
	GlobalSection(ProjectConfigurationPlatforms) = postSolution
		{C12F18BD-156A-4EF0-9CF6-5B13200A2C27}.Debug|Any CPU.ActiveCfg = Debug|Any CPU
		{C12F18BD-156A-4EF0-9CF6-5B13200A2C27}.Debug|Any CPU.Build.0 = Debug|Any CPU
		{C12F18BD-156A-4EF0-9CF6-5B13200A2C27}.Release|Any CPU.ActiveCfg = Release|Any CPU
		{C12F18BD-156A-4EF0-9CF6-5B13200A2C27}.Release|Any CPU.Build.0 = Release|Any CPU
	EndGlobalSection
	GlobalSection(SolutionProperties) = preSolution
		HideSolutionNode = FALSE
	EndGlobalSection
	GlobalSection(ExtensibilityGlobals) = postSolution
		SolutionGuid = {C0B799FC-BD61-43A9-92F9-0DBDBDA7B020}
	EndGlobalSection
EndGlobal
